// !$*UTF8*$!
{
	archiveVersion = 1;
	classes = {
	};
	objectVersion = 56;
	objects = {

/* Begin PBXBuildFile section */
		C4857B1F2C3EA9A300D48361 /* TPPDFMarkdownTestApp.swift in Sources */ = {isa = PBXBuildFile; fileRef = C4857B1E2C3EA9A300D48361 /* TPPDFMarkdownTestApp.swift */; };
		C4857B212C3EA9A300D48361 /* ContentView.swift in Sources */ = {isa = PBXBuildFile; fileRef = C4857B202C3EA9A300D48361 /* ContentView.swift */; };
		C4857B232C3EA9A700D48361 /* Assets.xcassets in Resources */ = {isa = PBXBuildFile; fileRef = C4857B222C3EA9A700D48361 /* Assets.xcassets */; };
		C4857B262C3EA9A700D48361 /* Preview Assets.xcassets in Resources */ = {isa = PBXBuildFile; fileRef = C4857B252C3EA9A700D48361 /* Preview Assets.xcassets */; };
		C4857B312C3EA9A700D48361 /* TPDDFMarkdownTestTests.swift in Sources */ = {isa = PBXBuildFile; fileRef = C4857B302C3EA9A700D48361 /* TPDDFMarkdownTestTests.swift */; };
		C4857B3B2C3EA9A700D48361 /* TPDDFMarkdownTestUITests.swift in Sources */ = {isa = PBXBuildFile; fileRef = C4857B3A2C3EA9A700D48361 /* TPDDFMarkdownTestUITests.swift */; };
		C4857B3D2C3EA9A700D48361 /* TPDDFMarkdownTestUITestsLaunchTests.swift in Sources */ = {isa = PBXBuildFile; fileRef = C4857B3C2C3EA9A700D48361 /* TPDDFMarkdownTestUITestsLaunchTests.swift */; };
		C4857B4B2C3EA9FF00D48361 /* TPPDF in Frameworks */ = {isa = PBXBuildFile; productRef = C4857B4A2C3EA9FF00D48361 /* TPPDF */; };
/* End PBXBuildFile section */

/* Begin PBXContainerItemProxy section */
		C4857B2D2C3EA9A700D48361 /* PBXContainerItemProxy */ = {
			isa = PBXContainerItemProxy;
			containerPortal = C4857B132C3EA9A300D48361 /* Project object */;
			proxyType = 1;
			remoteGlobalIDString = C4857B1A2C3EA9A300D48361;
			remoteInfo = TPDDFMarkdownTest;
		};
		C4857B372C3EA9A700D48361 /* PBXContainerItemProxy */ = {
			isa = PBXContainerItemProxy;
			containerPortal = C4857B132C3EA9A300D48361 /* Project object */;
			proxyType = 1;
			remoteGlobalIDString = C4857B1A2C3EA9A300D48361;
			remoteInfo = TPDDFMarkdownTest;
		};
/* End PBXContainerItemProxy section */

/* Begin PBXFileReference section */
		C4857B1B2C3EA9A300D48361 /* TPDDFMarkdownTest.app */ = {isa = PBXFileReference; explicitFileType = wrapper.application; includeInIndex = 0; path = TPDDFMarkdownTest.app; sourceTree = BUILT_PRODUCTS_DIR; };
		C4857B1E2C3EA9A300D48361 /* TPPDFMarkdownTestApp.swift */ = {isa = PBXFileReference; lastKnownFileType = sourcecode.swift; path = TPPDFMarkdownTestApp.swift; sourceTree = "<group>"; };
		C4857B202C3EA9A300D48361 /* ContentView.swift */ = {isa = PBXFileReference; lastKnownFileType = sourcecode.swift; path = ContentView.swift; sourceTree = "<group>"; };
		C4857B222C3EA9A700D48361 /* Assets.xcassets */ = {isa = PBXFileReference; lastKnownFileType = folder.assetcatalog; path = Assets.xcassets; sourceTree = "<group>"; };
		C4857B252C3EA9A700D48361 /* Preview Assets.xcassets */ = {isa = PBXFileReference; lastKnownFileType = folder.assetcatalog; path = "Preview Assets.xcassets"; sourceTree = "<group>"; };
		C4857B272C3EA9A700D48361 /* TPDDFMarkdownTest.entitlements */ = {isa = PBXFileReference; lastKnownFileType = text.plist.entitlements; path = TPDDFMarkdownTest.entitlements; sourceTree = "<group>"; };
		C4857B2C2C3EA9A700D48361 /* TPDDFMarkdownTestTests.xctest */ = {isa = PBXFileReference; explicitFileType = wrapper.cfbundle; includeInIndex = 0; path = TPDDFMarkdownTestTests.xctest; sourceTree = BUILT_PRODUCTS_DIR; };
		C4857B302C3EA9A700D48361 /* TPDDFMarkdownTestTests.swift */ = {isa = PBXFileReference; lastKnownFileType = sourcecode.swift; path = TPDDFMarkdownTestTests.swift; sourceTree = "<group>"; };
		C4857B362C3EA9A700D48361 /* TPDDFMarkdownTestUITests.xctest */ = {isa = PBXFileReference; explicitFileType = wrapper.cfbundle; includeInIndex = 0; path = TPDDFMarkdownTestUITests.xctest; sourceTree = BUILT_PRODUCTS_DIR; };
		C4857B3A2C3EA9A700D48361 /* TPDDFMarkdownTestUITests.swift */ = {isa = PBXFileReference; lastKnownFileType = sourcecode.swift; path = TPDDFMarkdownTestUITests.swift; sourceTree = "<group>"; };
		C4857B3C2C3EA9A700D48361 /* TPDDFMarkdownTestUITestsLaunchTests.swift */ = {isa = PBXFileReference; lastKnownFileType = sourcecode.swift; path = TPDDFMarkdownTestUITestsLaunchTests.swift; sourceTree = "<group>"; };
/* End PBXFileReference section */

/* Begin PBXFrameworksBuildPhase section */
		C4857B182C3EA9A300D48361 /* Frameworks */ = {
			isa = PBXFrameworksBuildPhase;
			buildActionMask = 2147483647;
			files = (
				C4857B4B2C3EA9FF00D48361 /* TPPDF in Frameworks */,
			);
			runOnlyForDeploymentPostprocessing = 0;
		};
		C4857B292C3EA9A700D48361 /* Frameworks */ = {
			isa = PBXFrameworksBuildPhase;
			buildActionMask = 2147483647;
			files = (
			);
			runOnlyForDeploymentPostprocessing = 0;
		};
		C4857B332C3EA9A700D48361 /* Frameworks */ = {
			isa = PBXFrameworksBuildPhase;
			buildActionMask = 2147483647;
			files = (
			);
			runOnlyForDeploymentPostprocessing = 0;
		};
/* End PBXFrameworksBuildPhase section */

/* Begin PBXGroup section */
		C4857B122C3EA9A300D48361 = {
			isa = PBXGroup;
			children = (
				C4857B1D2C3EA9A300D48361 /* TPDDFMarkdownTest */,
				C4857B2F2C3EA9A700D48361 /* TPDDFMarkdownTestTests */,
				C4857B392C3EA9A700D48361 /* TPDDFMarkdownTestUITests */,
				C4857B1C2C3EA9A300D48361 /* Products */,
			);
			sourceTree = "<group>";
		};
		C4857B1C2C3EA9A300D48361 /* Products */ = {
			isa = PBXGroup;
			children = (
				C4857B1B2C3EA9A300D48361 /* TPDDFMarkdownTest.app */,
				C4857B2C2C3EA9A700D48361 /* TPDDFMarkdownTestTests.xctest */,
				C4857B362C3EA9A700D48361 /* TPDDFMarkdownTestUITests.xctest */,
			);
			name = Products;
			sourceTree = "<group>";
		};
		C4857B1D2C3EA9A300D48361 /* TPDDFMarkdownTest */ = {
			isa = PBXGroup;
			children = (
				C4857B1E2C3EA9A300D48361 /* TPPDFMarkdownTestApp.swift */,
				C4857B202C3EA9A300D48361 /* ContentView.swift */,
				C4857B222C3EA9A700D48361 /* Assets.xcassets */,
				C4857B272C3EA9A700D48361 /* TPDDFMarkdownTest.entitlements */,
				C4857B242C3EA9A700D48361 /* Preview Content */,
			);
			path = TPDDFMarkdownTest;
			sourceTree = "<group>";
		};
		C4857B242C3EA9A700D48361 /* Preview Content */ = {
			isa = PBXGroup;
			children = (
				C4857B252C3EA9A700D48361 /* Preview Assets.xcassets */,
			);
			path = "Preview Content";
			sourceTree = "<group>";
		};
		C4857B2F2C3EA9A700D48361 /* TPDDFMarkdownTestTests */ = {
			isa = PBXGroup;
			children = (
				C4857B302C3EA9A700D48361 /* TPDDFMarkdownTestTests.swift */,
			);
			path = TPDDFMarkdownTestTests;
			sourceTree = "<group>";
		};
		C4857B392C3EA9A700D48361 /* TPDDFMarkdownTestUITests */ = {
			isa = PBXGroup;
			children = (
				C4857B3A2C3EA9A700D48361 /* TPDDFMarkdownTestUITests.swift */,
				C4857B3C2C3EA9A700D48361 /* TPDDFMarkdownTestUITestsLaunchTests.swift */,
			);
			path = TPDDFMarkdownTestUITests;
			sourceTree = "<group>";
		};
/* End PBXGroup section */

/* Begin PBXNativeTarget section */
		C4857B1A2C3EA9A300D48361 /* TPDDFMarkdownTest */ = {
			isa = PBXNativeTarget;
			buildConfigurationList = C4857B402C3EA9A700D48361 /* Build configuration list for PBXNativeTarget "TPDDFMarkdownTest" */;
			buildPhases = (
				C4857B172C3EA9A300D48361 /* Sources */,
				C4857B182C3EA9A300D48361 /* Frameworks */,
				C4857B192C3EA9A300D48361 /* Resources */,
			);
			buildRules = (
			);
			dependencies = (
			);
			name = TPDDFMarkdownTest;
			packageProductDependencies = (
				C4857B4A2C3EA9FF00D48361 /* TPPDF */,
			);
			productName = TPDDFMarkdownTest;
			productReference = C4857B1B2C3EA9A300D48361 /* TPDDFMarkdownTest.app */;
			productType = "com.apple.product-type.application";
		};
		C4857B2B2C3EA9A700D48361 /* TPDDFMarkdownTestTests */ = {
			isa = PBXNativeTarget;
			buildConfigurationList = C4857B432C3EA9A700D48361 /* Build configuration list for PBXNativeTarget "TPDDFMarkdownTestTests" */;
			buildPhases = (
				C4857B282C3EA9A700D48361 /* Sources */,
				C4857B292C3EA9A700D48361 /* Frameworks */,
				C4857B2A2C3EA9A700D48361 /* Resources */,
			);
			buildRules = (
			);
			dependencies = (
				C4857B2E2C3EA9A700D48361 /* PBXTargetDependency */,
			);
			name = TPDDFMarkdownTestTests;
			productName = TPDDFMarkdownTestTests;
			productReference = C4857B2C2C3EA9A700D48361 /* TPDDFMarkdownTestTests.xctest */;
			productType = "com.apple.product-type.bundle.unit-test";
		};
		C4857B352C3EA9A700D48361 /* TPDDFMarkdownTestUITests */ = {
			isa = PBXNativeTarget;
			buildConfigurationList = C4857B462C3EA9A700D48361 /* Build configuration list for PBXNativeTarget "TPDDFMarkdownTestUITests" */;
			buildPhases = (
				C4857B322C3EA9A700D48361 /* Sources */,
				C4857B332C3EA9A700D48361 /* Frameworks */,
				C4857B342C3EA9A700D48361 /* Resources */,
			);
			buildRules = (
			);
			dependencies = (
				C4857B382C3EA9A700D48361 /* PBXTargetDependency */,
			);
			name = TPDDFMarkdownTestUITests;
			productName = TPDDFMarkdownTestUITests;
			productReference = C4857B362C3EA9A700D48361 /* TPDDFMarkdownTestUITests.xctest */;
			productType = "com.apple.product-type.bundle.ui-testing";
		};
/* End PBXNativeTarget section */

/* Begin PBXProject section */
		C4857B132C3EA9A300D48361 /* Project object */ = {
			isa = PBXProject;
			attributes = {
				BuildIndependentTargetsInParallel = 1;
				LastSwiftUpdateCheck = 1540;
				LastUpgradeCheck = 1540;
				TargetAttributes = {
					C4857B1A2C3EA9A300D48361 = {
						CreatedOnToolsVersion = 15.4;
					};
					C4857B2B2C3EA9A700D48361 = {
						CreatedOnToolsVersion = 15.4;
						TestTargetID = C4857B1A2C3EA9A300D48361;
					};
					C4857B352C3EA9A700D48361 = {
						CreatedOnToolsVersion = 15.4;
						TestTargetID = C4857B1A2C3EA9A300D48361;
					};
				};
			};
			buildConfigurationList = C4857B162C3EA9A300D48361 /* Build configuration list for PBXProject "TPDDFMarkdownTest" */;
			compatibilityVersion = "Xcode 14.0";
			developmentRegion = en;
			hasScannedForEncodings = 0;
			knownRegions = (
				en,
				Base,
			);
			mainGroup = C4857B122C3EA9A300D48361;
			packageReferences = (
				C4857B492C3EA9FF00D48361 /* XCRemoteSwiftPackageReference "TPPDF" */,
			);
			productRefGroup = C4857B1C2C3EA9A300D48361 /* Products */;
			projectDirPath = "";
			projectRoot = "";
			targets = (
				C4857B1A2C3EA9A300D48361 /* TPDDFMarkdownTest */,
				C4857B2B2C3EA9A700D48361 /* TPDDFMarkdownTestTests */,
				C4857B352C3EA9A700D48361 /* TPDDFMarkdownTestUITests */,
			);
		};
/* End PBXProject section */

/* Begin PBXResourcesBuildPhase section */
		C4857B192C3EA9A300D48361 /* Resources */ = {
			isa = PBXResourcesBuildPhase;
			buildActionMask = 2147483647;
			files = (
				C4857B262C3EA9A700D48361 /* Preview Assets.xcassets in Resources */,
				C4857B232C3EA9A700D48361 /* Assets.xcassets in Resources */,
			);
			runOnlyForDeploymentPostprocessing = 0;
		};
		C4857B2A2C3EA9A700D48361 /* Resources */ = {
			isa = PBXResourcesBuildPhase;
			buildActionMask = 2147483647;
			files = (
			);
			runOnlyForDeploymentPostprocessing = 0;
		};
		C4857B342C3EA9A700D48361 /* Resources */ = {
			isa = PBXResourcesBuildPhase;
			buildActionMask = 2147483647;
			files = (
			);
			runOnlyForDeploymentPostprocessing = 0;
		};
/* End PBXResourcesBuildPhase section */

/* Begin PBXSourcesBuildPhase section */
		C4857B172C3EA9A300D48361 /* Sources */ = {
			isa = PBXSourcesBuildPhase;
			buildActionMask = 2147483647;
			files = (
				C4857B212C3EA9A300D48361 /* ContentView.swift in Sources */,
				C4857B1F2C3EA9A300D48361 /* TPPDFMarkdownTestApp.swift in Sources */,
			);
			runOnlyForDeploymentPostprocessing = 0;
		};
		C4857B282C3EA9A700D48361 /* Sources */ = {
			isa = PBXSourcesBuildPhase;
			buildActionMask = 2147483647;
			files = (
				C4857B312C3EA9A700D48361 /* TPDDFMarkdownTestTests.swift in Sources */,
			);
			runOnlyForDeploymentPostprocessing = 0;
		};
		C4857B322C3EA9A700D48361 /* Sources */ = {
			isa = PBXSourcesBuildPhase;
			buildActionMask = 2147483647;
			files = (
				C4857B3D2C3EA9A700D48361 /* TPDDFMarkdownTestUITestsLaunchTests.swift in Sources */,
				C4857B3B2C3EA9A700D48361 /* TPDDFMarkdownTestUITests.swift in Sources */,
			);
			runOnlyForDeploymentPostprocessing = 0;
		};
/* End PBXSourcesBuildPhase section */

/* Begin PBXTargetDependency section */
		C4857B2E2C3EA9A700D48361 /* PBXTargetDependency */ = {
			isa = PBXTargetDependency;
			target = C4857B1A2C3EA9A300D48361 /* TPDDFMarkdownTest */;
			targetProxy = C4857B2D2C3EA9A700D48361 /* PBXContainerItemProxy */;
		};
		C4857B382C3EA9A700D48361 /* PBXTargetDependency */ = {
			isa = PBXTargetDependency;
			target = C4857B1A2C3EA9A300D48361 /* TPDDFMarkdownTest */;
			targetProxy = C4857B372C3EA9A700D48361 /* PBXContainerItemProxy */;
		};
/* End PBXTargetDependency section */

/* Begin XCBuildConfiguration section */
		C4857B3E2C3EA9A700D48361 /* Debug */ = {
			isa = XCBuildConfiguration;
			buildSettings = {
				ALWAYS_SEARCH_USER_PATHS = NO;
				ASSETCATALOG_COMPILER_GENERATE_SWIFT_ASSET_SYMBOL_EXTENSIONS = YES;
				CLANG_ANALYZER_NONNULL = YES;
				CLANG_ANALYZER_NUMBER_OBJECT_CONVERSION = YES_AGGRESSIVE;
				CLANG_CXX_LANGUAGE_STANDARD = "gnu++20";
				CLANG_ENABLE_MODULES = YES;
				CLANG_ENABLE_OBJC_ARC = YES;
				CLANG_ENABLE_OBJC_WEAK = YES;
				CLANG_WARN_BLOCK_CAPTURE_AUTORELEASING = YES;
				CLANG_WARN_BOOL_CONVERSION = YES;
				CLANG_WARN_COMMA = YES;
				CLANG_WARN_CONSTANT_CONVERSION = YES;
				CLANG_WARN_DEPRECATED_OBJC_IMPLEMENTATIONS = YES;
				CLANG_WARN_DIRECT_OBJC_ISA_USAGE = YES_ERROR;
				CLANG_WARN_DOCUMENTATION_COMMENTS = YES;
				CLANG_WARN_EMPTY_BODY = YES;
				CLANG_WARN_ENUM_CONVERSION = YES;
				CLANG_WARN_INFINITE_RECURSION = YES;
				CLANG_WARN_INT_CONVERSION = YES;
				CLANG_WARN_NON_LITERAL_NULL_CONVERSION = YES;
				CLANG_WARN_OBJC_IMPLICIT_RETAIN_SELF = YES;
				CLANG_WARN_OBJC_LITERAL_CONVERSION = YES;
				CLANG_WARN_OBJC_ROOT_CLASS = YES_ERROR;
				CLANG_WARN_QUOTED_INCLUDE_IN_FRAMEWORK_HEADER = YES;
				CLANG_WARN_RANGE_LOOP_ANALYSIS = YES;
				CLANG_WARN_STRICT_PROTOTYPES = YES;
				CLANG_WARN_SUSPICIOUS_MOVE = YES;
				CLANG_WARN_UNGUARDED_AVAILABILITY = YES_AGGRESSIVE;
				CLANG_WARN_UNREACHABLE_CODE = YES;
				CLANG_WARN__DUPLICATE_METHOD_MATCH = YES;
				COPY_PHASE_STRIP = NO;
				DEBUG_INFORMATION_FORMAT = dwarf;
				ENABLE_STRICT_OBJC_MSGSEND = YES;
				ENABLE_TESTABILITY = YES;
				ENABLE_USER_SCRIPT_SANDBOXING = YES;
				GCC_C_LANGUAGE_STANDARD = gnu17;
				GCC_DYNAMIC_NO_PIC = NO;
				GCC_NO_COMMON_BLOCKS = YES;
				GCC_OPTIMIZATION_LEVEL = 0;
				GCC_PREPROCESSOR_DEFINITIONS = (
					"DEBUG=1",
					"$(inherited)",
				);
				GCC_WARN_64_TO_32_BIT_CONVERSION = YES;
				GCC_WARN_ABOUT_RETURN_TYPE = YES_ERROR;
				GCC_WARN_UNDECLARED_SELECTOR = YES;
				GCC_WARN_UNINITIALIZED_AUTOS = YES_AGGRESSIVE;
				GCC_WARN_UNUSED_FUNCTION = YES;
				GCC_WARN_UNUSED_VARIABLE = YES;
				LOCALIZATION_PREFERS_STRING_CATALOGS = YES;
				MACOSX_DEPLOYMENT_TARGET = 14.5;
				MTL_ENABLE_DEBUG_INFO = INCLUDE_SOURCE;
				MTL_FAST_MATH = YES;
				ONLY_ACTIVE_ARCH = YES;
				SDKROOT = macosx;
				SWIFT_ACTIVE_COMPILATION_CONDITIONS = "DEBUG $(inherited)";
				SWIFT_OPTIMIZATION_LEVEL = "-Onone";
			};
			name = Debug;
		};
		C4857B3F2C3EA9A700D48361 /* Release */ = {
			isa = XCBuildConfiguration;
			buildSettings = {
				ALWAYS_SEARCH_USER_PATHS = NO;
				ASSETCATALOG_COMPILER_GENERATE_SWIFT_ASSET_SYMBOL_EXTENSIONS = YES;
				CLANG_ANALYZER_NONNULL = YES;
				CLANG_ANALYZER_NUMBER_OBJECT_CONVERSION = YES_AGGRESSIVE;
				CLANG_CXX_LANGUAGE_STANDARD = "gnu++20";
				CLANG_ENABLE_MODULES = YES;
				CLANG_ENABLE_OBJC_ARC = YES;
				CLANG_ENABLE_OBJC_WEAK = YES;
				CLANG_WARN_BLOCK_CAPTURE_AUTORELEASING = YES;
				CLANG_WARN_BOOL_CONVERSION = YES;
				CLANG_WARN_COMMA = YES;
				CLANG_WARN_CONSTANT_CONVERSION = YES;
				CLANG_WARN_DEPRECATED_OBJC_IMPLEMENTATIONS = YES;
				CLANG_WARN_DIRECT_OBJC_ISA_USAGE = YES_ERROR;
				CLANG_WARN_DOCUMENTATION_COMMENTS = YES;
				CLANG_WARN_EMPTY_BODY = YES;
				CLANG_WARN_ENUM_CONVERSION = YES;
				CLANG_WARN_INFINITE_RECURSION = YES;
				CLANG_WARN_INT_CONVERSION = YES;
				CLANG_WARN_NON_LITERAL_NULL_CONVERSION = YES;
				CLANG_WARN_OBJC_IMPLICIT_RETAIN_SELF = YES;
				CLANG_WARN_OBJC_LITERAL_CONVERSION = YES;
				CLANG_WARN_OBJC_ROOT_CLASS = YES_ERROR;
				CLANG_WARN_QUOTED_INCLUDE_IN_FRAMEWORK_HEADER = YES;
				CLANG_WARN_RANGE_LOOP_ANALYSIS = YES;
				CLANG_WARN_STRICT_PROTOTYPES = YES;
				CLANG_WARN_SUSPICIOUS_MOVE = YES;
				CLANG_WARN_UNGUARDED_AVAILABILITY = YES_AGGRESSIVE;
				CLANG_WARN_UNREACHABLE_CODE = YES;
				CLANG_WARN__DUPLICATE_METHOD_MATCH = YES;
				COPY_PHASE_STRIP = NO;
				DEBUG_INFORMATION_FORMAT = "dwarf-with-dsym";
				ENABLE_NS_ASSERTIONS = NO;
				ENABLE_STRICT_OBJC_MSGSEND = YES;
				ENABLE_USER_SCRIPT_SANDBOXING = YES;
				GCC_C_LANGUAGE_STANDARD = gnu17;
				GCC_NO_COMMON_BLOCKS = YES;
				GCC_WARN_64_TO_32_BIT_CONVERSION = YES;
				GCC_WARN_ABOUT_RETURN_TYPE = YES_ERROR;
				GCC_WARN_UNDECLARED_SELECTOR = YES;
				GCC_WARN_UNINITIALIZED_AUTOS = YES_AGGRESSIVE;
				GCC_WARN_UNUSED_FUNCTION = YES;
				GCC_WARN_UNUSED_VARIABLE = YES;
				LOCALIZATION_PREFERS_STRING_CATALOGS = YES;
				MACOSX_DEPLOYMENT_TARGET = 14.5;
				MTL_ENABLE_DEBUG_INFO = NO;
				MTL_FAST_MATH = YES;
				SDKROOT = macosx;
				SWIFT_COMPILATION_MODE = wholemodule;
			};
			name = Release;
		};
		C4857B412C3EA9A700D48361 /* Debug */ = {
			isa = XCBuildConfiguration;
			buildSettings = {
				ASSETCATALOG_COMPILER_APPICON_NAME = AppIcon;
				ASSETCATALOG_COMPILER_GLOBAL_ACCENT_COLOR_NAME = AccentColor;
				CODE_SIGN_ENTITLEMENTS = TPDDFMarkdownTest/TPDDFMarkdownTest.entitlements;
				CODE_SIGN_STYLE = Automatic;
				COMBINE_HIDPI_IMAGES = YES;
				CURRENT_PROJECT_VERSION = 1;
				DEVELOPMENT_ASSET_PATHS = "\"TPDDFMarkdownTest/Preview Content\"";
				ENABLE_PREVIEWS = YES;
				GENERATE_INFOPLIST_FILE = YES;
				INFOPLIST_KEY_NSHumanReadableCopyright = "";
				LD_RUNPATH_SEARCH_PATHS = (
					"$(inherited)",
					"@executable_path/../Frameworks",
				);
				MARKETING_VERSION = 1.0;
				PRODUCT_BUNDLE_IDENTIFIER = com.example.TPDDFMarkdownTest;
				PRODUCT_NAME = "$(TARGET_NAME)";
				SWIFT_EMIT_LOC_STRINGS = YES;
				SWIFT_VERSION = 5.0;
			};
			name = Debug;
		};
		C4857B422C3EA9A700D48361 /* Release */ = {
			isa = XCBuildConfiguration;
			buildSettings = {
				ASSETCATALOG_COMPILER_APPICON_NAME = AppIcon;
				ASSETCATALOG_COMPILER_GLOBAL_ACCENT_COLOR_NAME = AccentColor;
				CODE_SIGN_ENTITLEMENTS = TPDDFMarkdownTest/TPDDFMarkdownTest.entitlements;
				CODE_SIGN_STYLE = Automatic;
				COMBINE_HIDPI_IMAGES = YES;
				CURRENT_PROJECT_VERSION = 1;
				DEVELOPMENT_ASSET_PATHS = "\"TPDDFMarkdownTest/Preview Content\"";
				ENABLE_PREVIEWS = YES;
				GENERATE_INFOPLIST_FILE = YES;
				INFOPLIST_KEY_NSHumanReadableCopyright = "";
				LD_RUNPATH_SEARCH_PATHS = (
					"$(inherited)",
					"@executable_path/../Frameworks",
				);
				MARKETING_VERSION = 1.0;
				PRODUCT_BUNDLE_IDENTIFIER = com.example.TPDDFMarkdownTest;
				PRODUCT_NAME = "$(TARGET_NAME)";
				SWIFT_EMIT_LOC_STRINGS = YES;
				SWIFT_VERSION = 5.0;
			};
			name = Release;
		};
		C4857B442C3EA9A700D48361 /* Debug */ = {
			isa = XCBuildConfiguration;
			buildSettings = {
				ALWAYS_EMBED_SWIFT_STANDARD_LIBRARIES = YES;
				BUNDLE_LOADER = "$(TEST_HOST)";
				CODE_SIGN_STYLE = Automatic;
				CURRENT_PROJECT_VERSION = 1;
				GENERATE_INFOPLIST_FILE = YES;
				MACOSX_DEPLOYMENT_TARGET = 14.5;
				MARKETING_VERSION = 1.0;
				PRODUCT_BUNDLE_IDENTIFIER = com.example.TPDDFMarkdownTestTests;
				PRODUCT_NAME = "$(TARGET_NAME)";
				SWIFT_EMIT_LOC_STRINGS = NO;
				SWIFT_VERSION = 5.0;
				TEST_HOST = "$(BUILT_PRODUCTS_DIR)/TPDDFMarkdownTest.app/$(BUNDLE_EXECUTABLE_FOLDER_PATH)/TPDDFMarkdownTest";
			};
			name = Debug;
		};
		C4857B452C3EA9A700D48361 /* Release */ = {
			isa = XCBuildConfiguration;
			buildSettings = {
				ALWAYS_EMBED_SWIFT_STANDARD_LIBRARIES = YES;
				BUNDLE_LOADER = "$(TEST_HOST)";
				CODE_SIGN_STYLE = Automatic;
				CURRENT_PROJECT_VERSION = 1;
				GENERATE_INFOPLIST_FILE = YES;
				MACOSX_DEPLOYMENT_TARGET = 14.5;
				MARKETING_VERSION = 1.0;
				PRODUCT_BUNDLE_IDENTIFIER = com.example.TPDDFMarkdownTestTests;
				PRODUCT_NAME = "$(TARGET_NAME)";
				SWIFT_EMIT_LOC_STRINGS = NO;
				SWIFT_VERSION = 5.0;
				TEST_HOST = "$(BUILT_PRODUCTS_DIR)/TPDDFMarkdownTest.app/$(BUNDLE_EXECUTABLE_FOLDER_PATH)/TPDDFMarkdownTest";
			};
			name = Release;
		};
		C4857B472C3EA9A700D48361 /* Debug */ = {
			isa = XCBuildConfiguration;
			buildSettings = {
				ALWAYS_EMBED_SWIFT_STANDARD_LIBRARIES = YES;
				CODE_SIGN_STYLE = Automatic;
				CURRENT_PROJECT_VERSION = 1;
				GENERATE_INFOPLIST_FILE = YES;
				MARKETING_VERSION = 1.0;
				PRODUCT_BUNDLE_IDENTIFIER = com.example.TPDDFMarkdownTestUITests;
				PRODUCT_NAME = "$(TARGET_NAME)";
				SWIFT_EMIT_LOC_STRINGS = NO;
				SWIFT_VERSION = 5.0;
				TEST_TARGET_NAME = TPDDFMarkdownTest;
			};
			name = Debug;
		};
		C4857B482C3EA9A700D48361 /* Release */ = {
			isa = XCBuildConfiguration;
			buildSettings = {
				ALWAYS_EMBED_SWIFT_STANDARD_LIBRARIES = YES;
				CODE_SIGN_STYLE = Automatic;
				CURRENT_PROJECT_VERSION = 1;
				GENERATE_INFOPLIST_FILE = YES;
				MARKETING_VERSION = 1.0;
				PRODUCT_BUNDLE_IDENTIFIER = com.example.TPDDFMarkdownTestUITests;
				PRODUCT_NAME = "$(TARGET_NAME)";
				SWIFT_EMIT_LOC_STRINGS = NO;
				SWIFT_VERSION = 5.0;
				TEST_TARGET_NAME = TPDDFMarkdownTest;
			};
			name = Release;
		};
/* End XCBuildConfiguration section */

/* Begin XCConfigurationList section */
		C4857B162C3EA9A300D48361 /* Build configuration list for PBXProject "TPDDFMarkdownTest" */ = {
			isa = XCConfigurationList;
			buildConfigurations = (
				C4857B3E2C3EA9A700D48361 /* Debug */,
				C4857B3F2C3EA9A700D48361 /* Release */,
			);
			defaultConfigurationIsVisible = 0;
			defaultConfigurationName = Release;
		};
		C4857B402C3EA9A700D48361 /* Build configuration list for PBXNativeTarget "TPDDFMarkdownTest" */ = {
			isa = XCConfigurationList;
			buildConfigurations = (
				C4857B412C3EA9A700D48361 /* Debug */,
				C4857B422C3EA9A700D48361 /* Release */,
			);
			defaultConfigurationIsVisible = 0;
			defaultConfigurationName = Release;
		};
		C4857B432C3EA9A700D48361 /* Build configuration list for PBXNativeTarget "TPDDFMarkdownTestTests" */ = {
			isa = XCConfigurationList;
			buildConfigurations = (
				C4857B442C3EA9A700D48361 /* Debug */,
				C4857B452C3EA9A700D48361 /* Release */,
			);
			defaultConfigurationIsVisible = 0;
			defaultConfigurationName = Release;
		};
		C4857B462C3EA9A700D48361 /* Build configuration list for PBXNativeTarget "TPDDFMarkdownTestUITests" */ = {
			isa = XCConfigurationList;
			buildConfigurations = (
				C4857B472C3EA9A700D48361 /* Debug */,
				C4857B482C3EA9A700D48361 /* Release */,
			);
			defaultConfigurationIsVisible = 0;
			defaultConfigurationName = Release;
		};
/* End XCConfigurationList section */

/* Begin XCRemoteSwiftPackageReference section */
		C4857B492C3EA9FF00D48361 /* XCRemoteSwiftPackageReference "TPPDF" */ = {
			isa = XCRemoteSwiftPackageReference;
			repositoryURL = "https://github.com/techprimate/TPPDF.git";
			requirement = {
				kind = upToNextMajorVersion;
				minimumVersion = 2.6.0;
			};
		};
/* End XCRemoteSwiftPackageReference section */

/* Begin XCSwiftPackageProductDependency section */
		C4857B4A2C3EA9FF00D48361 /* TPPDF */ = {
			isa = XCSwiftPackageProductDependency;
			package = C4857B492C3EA9FF00D48361 /* XCRemoteSwiftPackageReference "TPPDF" */;
			productName = TPPDF;
		};
/* End XCSwiftPackageProductDependency section */
	};
	rootObject = C4857B132C3EA9A300D48361 /* Project object */;
}
